{
  "pins" : [
    {
      "identity" : "swift-nonempty",
      "kind" : "remoteSourceControl",
      "location" : "https://github.com/pointfreeco/swift-nonempty",
      "state" : {
        "revision" : "1fd3f067ebc3900d200aa7e977fdb614cc5533bc",
        "version" : "0.5.0"
      }
    },
    {
      "identity" : "swift-syntax",
      "kind" : "remoteSourceControl",
      "location" : "https://github.com/dmitriykotenko/swift-syntax",
      "state" : {
        "branch" : "feature/swift6.1_ios12",
        "revision" : "da06cc532bfcbf982d72405283632425249e4b66"
      }
    }
  ],
  "version" : 2
}
